// !$*UTF8*$!
{
	archiveVersion = 1;
	classes = {
	};
	objectVersion = 46;
	objects = {

/* Begin PBXBuildFile section */
		13673A981971F1EE00A94535 /* Foundation.framework in Frameworks */ = {isa = PBXBuildFile; fileRef = 13673A971971F1EE00A94535 /* Foundation.framework */; };
		13673A9A1971F1EE00A94535 /* CoreGraphics.framework in Frameworks */ = {isa = PBXBuildFile; fileRef = 13673A991971F1EE00A94535 /* CoreGraphics.framework */; };
		13673A9C1971F1EE00A94535 /* UIKit.framework in Frameworks */ = {isa = PBXBuildFile; fileRef = 13673A9B1971F1EE00A94535 /* UIKit.framework */; };
		13673AA21971F1EE00A94535 /* InfoPlist.strings in Resources */ = {isa = PBXBuildFile; fileRef = 13673AA01971F1EE00A94535 /* InfoPlist.strings */; };
		13673AA41971F1EE00A94535 /* main.m in Sources */ = {isa = PBXBuildFile; fileRef = 13673AA31971F1EE00A94535 /* main.m */; };
		13673AA81971F1EE00A94535 /* AppDelegate.m in Sources */ = {isa = PBXBuildFile; fileRef = 13673AA71971F1EE00A94535 /* AppDelegate.m */; };
		13673AAA1971F1EE00A94535 /* Images.xcassets in Resources */ = {isa = PBXBuildFile; fileRef = 13673AA91971F1EE00A94535 /* Images.xcassets */; };
		13673AB11971F1EE00A94535 /* XCTest.framework in Frameworks */ = {isa = PBXBuildFile; fileRef = 13673AB01971F1EE00A94535 /* XCTest.framework */; };
		13673AB21971F1EE00A94535 /* Foundation.framework in Frameworks */ = {isa = PBXBuildFile; fileRef = 13673A971971F1EE00A94535 /* Foundation.framework */; };
		13673AB31971F1EE00A94535 /* UIKit.framework in Frameworks */ = {isa = PBXBuildFile; fileRef = 13673A9B1971F1EE00A94535 /* UIKit.framework */; };
		13673ABB1971F1EE00A94535 /* InfoPlist.strings in Resources */ = {isa = PBXBuildFile; fileRef = 13673AB91971F1EE00A94535 /* InfoPlist.strings */; };
		13673ABD1971F1EE00A94535 /* pageViewControllerDeomTests.m in Sources */ = {isa = PBXBuildFile; fileRef = 13673ABC1971F1EE00A94535 /* pageViewControllerDeomTests.m */; };
		13673ACA1971F21500A94535 /* MainViewController.m in Sources */ = {isa = PBXBuildFile; fileRef = 13673AC81971F21500A94535 /* MainViewController.m */; };
		13673ACB1971F21500A94535 /* MainViewController.xib in Resources */ = {isa = PBXBuildFile; fileRef = 13673AC91971F21500A94535 /* MainViewController.xib */; };
		13673ACD1971F22D00A94535 /* MapKit.framework in Frameworks */ = {isa = PBXBuildFile; fileRef = 13673ACC1971F22D00A94535 /* MapKit.framework */; };
		13673AD11971F42B00A94535 /* FirstViewController.m in Sources */ = {isa = PBXBuildFile; fileRef = 13673ACF1971F42B00A94535 /* FirstViewController.m */; };
		13673AD21971F42B00A94535 /* FirstViewController.xib in Resources */ = {isa = PBXBuildFile; fileRef = 13673AD01971F42B00A94535 /* FirstViewController.xib */; };
/* End PBXBuildFile section */

/* Begin PBXContainerItemProxy section */
		13673AB41971F1EE00A94535 /* PBXContainerItemProxy */ = {
			isa = PBXContainerItemProxy;
			containerPortal = 13673A8C1971F1EE00A94535 /* Project object */;
			proxyType = 1;
			remoteGlobalIDString = 13673A931971F1EE00A94535;
			remoteInfo = pageViewControllerDeom;
		};
/* End PBXContainerItemProxy section */

/* Begin PBXFileReference section */
		13673A941971F1EE00A94535 /* pageViewControllerDeom.app */ = {isa = PBXFileReference; explicitFileType = wrapper.application; includeInIndex = 0; path = pageViewControllerDeom.app; sourceTree = BUILT_PRODUCTS_DIR; };
		13673A971971F1EE00A94535 /* Foundation.framework */ = {isa = PBXFileReference; lastKnownFileType = wrapper.framework; name = Foundation.framework; path = System/Library/Frameworks/Foundation.framework; sourceTree = SDKROOT; };
		13673A991971F1EE00A94535 /* CoreGraphics.framework */ = {isa = PBXFileReference; lastKnownFileType = wrapper.framework; name = CoreGraphics.framework; path = System/Library/Frameworks/CoreGraphics.framework; sourceTree = SDKROOT; };
		13673A9B1971F1EE00A94535 /* UIKit.framework */ = {isa = PBXFileReference; lastKnownFileType = wrapper.framework; name = UIKit.framework; path = System/Library/Frameworks/UIKit.framework; sourceTree = SDKROOT; };
		13673A9F1971F1EE00A94535 /* pageViewControllerDeom-Info.plist */ = {isa = PBXFileReference; lastKnownFileType = text.plist.xml; path = "pageViewControllerDeom-Info.plist"; sourceTree = "<group>"; };
		13673AA11971F1EE00A94535 /* en */ = {isa = PBXFileReference; lastKnownFileType = text.plist.strings; name = en; path = en.lproj/InfoPlist.strings; sourceTree = "<group>"; };
		13673AA31971F1EE00A94535 /* main.m */ = {isa = PBXFileReference; lastKnownFileType = sourcecode.c.objc; path = main.m; sourceTree = "<group>"; };
		13673AA51971F1EE00A94535 /* pageViewControllerDeom-Prefix.pch */ = {isa = PBXFileReference; lastKnownFileType = sourcecode.c.h; path = "pageViewControllerDeom-Prefix.pch"; sourceTree = "<group>"; };
		13673AA61971F1EE00A94535 /* AppDelegate.h */ = {isa = PBXFileReference; lastKnownFileType = sourcecode.c.h; path = AppDelegate.h; sourceTree = "<group>"; };
		13673AA71971F1EE00A94535 /* AppDelegate.m */ = {isa = PBXFileReference; lastKnownFileType = sourcecode.c.objc; path = AppDelegate.m; sourceTree = "<group>"; };
		13673AA91971F1EE00A94535 /* Images.xcassets */ = {isa = PBXFileReference; lastKnownFileType = folder.assetcatalog; path = Images.xcassets; sourceTree = "<group>"; };
		13673AAF1971F1EE00A94535 /* pageViewControllerDeomTests.xctest */ = {isa = PBXFileReference; explicitFileType = wrapper.cfbundle; includeInIndex = 0; path = pageViewControllerDeomTests.xctest; sourceTree = BUILT_PRODUCTS_DIR; };
		13673AB01971F1EE00A94535 /* XCTest.framework */ = {isa = PBXFileReference; lastKnownFileType = wrapper.framework; name = XCTest.framework; path = Library/Frameworks/XCTest.framework; sourceTree = DEVELOPER_DIR; };
		13673AB81971F1EE00A94535 /* pageViewControllerDeomTests-Info.plist */ = {isa = PBXFileReference; lastKnownFileType = text.plist.xml; path = "pageViewControllerDeomTests-Info.plist"; sourceTree = "<group>"; };
		13673ABA1971F1EE00A94535 /* en */ = {isa = PBXFileReference; lastKnownFileType = text.plist.strings; name = en; path = en.lproj/InfoPlist.strings; sourceTree = "<group>"; };
		13673ABC1971F1EE00A94535 /* pageViewControllerDeomTests.m */ = {isa = PBXFileReference; lastKnownFileType = sourcecode.c.objc; path = pageViewControllerDeomTests.m; sourceTree = "<group>"; };
		13673AC71971F21500A94535 /* MainViewController.h */ = {isa = PBXFileReference; fileEncoding = 4; lastKnownFileType = sourcecode.c.h; path = MainViewController.h; sourceTree = "<group>"; };
		13673AC81971F21500A94535 /* MainViewController.m */ = {isa = PBXFileReference; fileEncoding = 4; lastKnownFileType = sourcecode.c.objc; path = MainViewController.m; sourceTree = "<group>"; };
		13673AC91971F21500A94535 /* MainViewController.xib */ = {isa = PBXFileReference; fileEncoding = 4; lastKnownFileType = file.xib; path = MainViewController.xib; sourceTree = "<group>"; };
		13673ACC1971F22D00A94535 /* MapKit.framework */ = {isa = PBXFileReference; lastKnownFileType = wrapper.framework; name = MapKit.framework; path = System/Library/Frameworks/MapKit.framework; sourceTree = SDKROOT; };
		13673ACE1971F42B00A94535 /* FirstViewController.h */ = {isa = PBXFileReference; fileEncoding = 4; lastKnownFileType = sourcecode.c.h; path = FirstViewController.h; sourceTree = "<group>"; };
		13673ACF1971F42B00A94535 /* FirstViewController.m */ = {isa = PBXFileReference; fileEncoding = 4; lastKnownFileType = sourcecode.c.objc; path = FirstViewController.m; sourceTree = "<group>"; };
		13673AD01971F42B00A94535 /* FirstViewController.xib */ = {isa = PBXFileReference; fileEncoding = 4; lastKnownFileType = file.xib; path = FirstViewController.xib; sourceTree = "<group>"; };
/* End PBXFileReference section */

/* Begin PBXFrameworksBuildPhase section */
		13673A911971F1EE00A94535 /* Frameworks */ = {
			isa = PBXFrameworksBuildPhase;
			buildActionMask = 2147483647;
			files = (
				13673ACD1971F22D00A94535 /* MapKit.framework in Frameworks */,
				13673A9A1971F1EE00A94535 /* CoreGraphics.framework in Frameworks */,
				13673A9C1971F1EE00A94535 /* UIKit.framework in Frameworks */,
				13673A981971F1EE00A94535 /* Foundation.framework in Frameworks */,
			);
			runOnlyForDeploymentPostprocessing = 0;
		};
		13673AAC1971F1EE00A94535 /* Frameworks */ = {
			isa = PBXFrameworksBuildPhase;
			buildActionMask = 2147483647;
			files = (
				13673AB11971F1EE00A94535 /* XCTest.framework in Frameworks */,
				13673AB31971F1EE00A94535 /* UIKit.framework in Frameworks */,
				13673AB21971F1EE00A94535 /* Foundation.framework in Frameworks */,
			);
			runOnlyForDeploymentPostprocessing = 0;
		};
/* End PBXFrameworksBuildPhase section */

/* Begin PBXGroup section */
		13673A8B1971F1EE00A94535 = {
			isa = PBXGroup;
			children = (
				13673A9D1971F1EE00A94535 /* pageViewControllerDeom */,
				13673AB61971F1EE00A94535 /* pageViewControllerDeomTests */,
				13673A961971F1EE00A94535 /* Frameworks */,
				13673A951971F1EE00A94535 /* Products */,
			);
			sourceTree = "<group>";
		};
		13673A951971F1EE00A94535 /* Products */ = {
			isa = PBXGroup;
			children = (
				13673A941971F1EE00A94535 /* pageViewControllerDeom.app */,
				13673AAF1971F1EE00A94535 /* pageViewControllerDeomTests.xctest */,
			);
			name = Products;
			sourceTree = "<group>";
		};
		13673A961971F1EE00A94535 /* Frameworks */ = {
			isa = PBXGroup;
			children = (
				13673ACC1971F22D00A94535 /* MapKit.framework */,
				13673A971971F1EE00A94535 /* Foundation.framework */,
				13673A991971F1EE00A94535 /* CoreGraphics.framework */,
				13673A9B1971F1EE00A94535 /* UIKit.framework */,
				13673AB01971F1EE00A94535 /* XCTest.framework */,
			);
			name = Frameworks;
			sourceTree = "<group>";
		};
		13673A9D1971F1EE00A94535 /* pageViewControllerDeom */ = {
			isa = PBXGroup;
			children = (
				13673AC61971F20100A94535 /* ViewController */,
				13673AA61971F1EE00A94535 /* AppDelegate.h */,
				13673AA71971F1EE00A94535 /* AppDelegate.m */,
				13673AA91971F1EE00A94535 /* Images.xcassets */,
				13673A9E1971F1EE00A94535 /* Supporting Files */,
				13673ACE1971F42B00A94535 /* FirstViewController.h */,
				13673ACF1971F42B00A94535 /* FirstViewController.m */,
				13673AD01971F42B00A94535 /* FirstViewController.xib */,
			);
			path = pageViewControllerDeom;
			sourceTree = "<group>";
		};
		13673A9E1971F1EE00A94535 /* Supporting Files */ = {
			isa = PBXGroup;
			children = (
				13673A9F1971F1EE00A94535 /* pageViewControllerDeom-Info.plist */,
				13673AA01971F1EE00A94535 /* InfoPlist.strings */,
				13673AA31971F1EE00A94535 /* main.m */,
				13673AA51971F1EE00A94535 /* pageViewControllerDeom-Prefix.pch */,
			);
			name = "Supporting Files";
			sourceTree = "<group>";
		};
		13673AB61971F1EE00A94535 /* pageViewControllerDeomTests */ = {
			isa = PBXGroup;
			children = (
				13673ABC1971F1EE00A94535 /* pageViewControllerDeomTests.m */,
				13673AB71971F1EE00A94535 /* Supporting Files */,
			);
			path = pageViewControllerDeomTests;
			sourceTree = "<group>";
		};
		13673AB71971F1EE00A94535 /* Supporting Files */ = {
			isa = PBXGroup;
			children = (
				13673AB81971F1EE00A94535 /* pageViewControllerDeomTests-Info.plist */,
				13673AB91971F1EE00A94535 /* InfoPlist.strings */,
			);
			name = "Supporting Files";
			sourceTree = "<group>";
		};
		13673AC61971F20100A94535 /* ViewController */ = {
			isa = PBXGroup;
			children = (
				13673AC71971F21500A94535 /* MainViewController.h */,
				13673AC81971F21500A94535 /* MainViewController.m */,
				13673AC91971F21500A94535 /* MainViewController.xib */,
			);
			name = ViewController;
			sourceTree = "<group>";
		};
/* End PBXGroup section */

/* Begin PBXNativeTarget section */
		13673A931971F1EE00A94535 /* pageViewControllerDeom */ = {
			isa = PBXNativeTarget;
			buildConfigurationList = 13673AC01971F1EE00A94535 /* Build configuration list for PBXNativeTarget "pageViewControllerDeom" */;
			buildPhases = (
				13673A901971F1EE00A94535 /* Sources */,
				13673A911971F1EE00A94535 /* Frameworks */,
				13673A921971F1EE00A94535 /* Resources */,
			);
			buildRules = (
			);
			dependencies = (
			);
			name = pageViewControllerDeom;
			productName = pageViewControllerDeom;
			productReference = 13673A941971F1EE00A94535 /* pageViewControllerDeom.app */;
			productType = "com.apple.product-type.application";
		};
		13673AAE1971F1EE00A94535 /* pageViewControllerDeomTests */ = {
			isa = PBXNativeTarget;
			buildConfigurationList = 13673AC31971F1EE00A94535 /* Build configuration list for PBXNativeTarget "pageViewControllerDeomTests" */;
			buildPhases = (
				13673AAB1971F1EE00A94535 /* Sources */,
				13673AAC1971F1EE00A94535 /* Frameworks */,
				13673AAD1971F1EE00A94535 /* Resources */,
			);
			buildRules = (
			);
			dependencies = (
				13673AB51971F1EE00A94535 /* PBXTargetDependency */,
			);
			name = pageViewControllerDeomTests;
			productName = pageViewControllerDeomTests;
			productReference = 13673AAF1971F1EE00A94535 /* pageViewControllerDeomTests.xctest */;
			productType = "com.apple.product-type.bundle.unit-test";
		};
/* End PBXNativeTarget section */

/* Begin PBXProject section */
		13673A8C1971F1EE00A94535 /* Project object */ = {
			isa = PBXProject;
			attributes = {
				LastUpgradeCheck = 0510;
				ORGANIZATIONNAME = welldone;
				TargetAttributes = {
					13673AAE1971F1EE00A94535 = {
						TestTargetID = 13673A931971F1EE00A94535;
					};
				};
			};
			buildConfigurationList = 13673A8F1971F1EE00A94535 /* Build configuration list for PBXProject "pageViewControllerDeom" */;
			compatibilityVersion = "Xcode 3.2";
			developmentRegion = English;
			hasScannedForEncodings = 0;
			knownRegions = (
				en,
			);
			mainGroup = 13673A8B1971F1EE00A94535;
			productRefGroup = 13673A951971F1EE00A94535 /* Products */;
			projectDirPath = "";
			projectRoot = "";
			targets = (
				13673A931971F1EE00A94535 /* pageViewControllerDeom */,
				13673AAE1971F1EE00A94535 /* pageViewControllerDeomTests */,
			);
		};
/* End PBXProject section */

/* Begin PBXResourcesBuildPhase section */
		13673A921971F1EE00A94535 /* Resources */ = {
			isa = PBXResourcesBuildPhase;
			buildActionMask = 2147483647;
			files = (
				13673AA21971F1EE00A94535 /* InfoPlist.strings in Resources */,
				13673ACB1971F21500A94535 /* MainViewController.xib in Resources */,
				13673AAA1971F1EE00A94535 /* Images.xcassets in Resources */,
				13673AD21971F42B00A94535 /* FirstViewController.xib in Resources */,
			);
			runOnlyForDeploymentPostprocessing = 0;
		};
		13673AAD1971F1EE00A94535 /* Resources */ = {
			isa = PBXResourcesBuildPhase;
			buildActionMask = 2147483647;
			files = (
				13673ABB1971F1EE00A94535 /* InfoPlist.strings in Resources */,
			);
			runOnlyForDeploymentPostprocessing = 0;
		};
/* End PBXResourcesBuildPhase section */

/* Begin PBXSourcesBuildPhase section */
		13673A901971F1EE00A94535 /* Sources */ = {
			isa = PBXSourcesBuildPhase;
			buildActionMask = 2147483647;
			files = (
				13673AA81971F1EE00A94535 /* AppDelegate.m in Sources */,
				13673ACA1971F21500A94535 /* MainViewController.m in Sources */,
				13673AA41971F1EE00A94535 /* main.m in Sources */,
				13673AD11971F42B00A94535 /* FirstViewController.m in Sources */,
			);
			runOnlyForDeploymentPostprocessing = 0;
		};
		13673AAB1971F1EE00A94535 /* Sources */ = {
			isa = PBXSourcesBuildPhase;
			buildActionMask = 2147483647;
			files = (
				13673ABD1971F1EE00A94535 /* pageViewControllerDeomTests.m in Sources */,
			);
			runOnlyForDeploymentPostprocessing = 0;
		};
/* End PBXSourcesBuildPhase section */

/* Begin PBXTargetDependency section */
		13673AB51971F1EE00A94535 /* PBXTargetDependency */ = {
			isa = PBXTargetDependency;
			target = 13673A931971F1EE00A94535 /* pageViewControllerDeom */;
			targetProxy = 13673AB41971F1EE00A94535 /* PBXContainerItemProxy */;
		};
/* End PBXTargetDependency section */

/* Begin PBXVariantGroup section */
		13673AA01971F1EE00A94535 /* InfoPlist.strings */ = {
			isa = PBXVariantGroup;
			children = (
				13673AA11971F1EE00A94535 /* en */,
			);
			name = InfoPlist.strings;
			sourceTree = "<group>";
		};
		13673AB91971F1EE00A94535 /* InfoPlist.strings */ = {
			isa = PBXVariantGroup;
			children = (
				13673ABA1971F1EE00A94535 /* en */,
			);
			name = InfoPlist.strings;
			sourceTree = "<group>";
		};
/* End PBXVariantGroup section */

/* Begin XCBuildConfiguration section */
		13673ABE1971F1EE00A94535 /* Debug */ = {
			isa = XCBuildConfiguration;
			buildSettings = {
				ALWAYS_SEARCH_USER_PATHS = NO;
				CLANG_CXX_LANGUAGE_STANDARD = "gnu++0x";
				CLANG_CXX_LIBRARY = "libc++";
				CLANG_ENABLE_MODULES = YES;
				CLANG_ENABLE_OBJC_ARC = YES;
				CLANG_WARN_BOOL_CONVERSION = YES;
				CLANG_WARN_CONSTANT_CONVERSION = YES;
				CLANG_WARN_DIRECT_OBJC_ISA_USAGE = YES_ERROR;
				CLANG_WARN_EMPTY_BODY = YES;
				CLANG_WARN_ENUM_CONVERSION = YES;
				CLANG_WARN_INT_CONVERSION = YES;
				CLANG_WARN_OBJC_ROOT_CLASS = YES_ERROR;
				CLANG_WARN__DUPLICATE_METHOD_MATCH = YES;
				"CODE_SIGN_IDENTITY[sdk=iphoneos*]" = "iPhone Developer";
				COPY_PHASE_STRIP = NO;
				GCC_C_LANGUAGE_STANDARD = gnu99;
				GCC_DYNAMIC_NO_PIC = NO;
				GCC_OPTIMIZATION_LEVEL = 0;
				GCC_PREPROCESSOR_DEFINITIONS = (
					"DEBUG=1",
					"$(inherited)",
				);
				GCC_SYMBOLS_PRIVATE_EXTERN = NO;
				GCC_WARN_64_TO_32_BIT_CONVERSION = YES;
				GCC_WARN_ABOUT_RETURN_TYPE = YES_ERROR;
				GCC_WARN_UNDECLARED_SELECTOR = YES;
				GCC_WARN_UNINITIALIZED_AUTOS = YES_AGGRESSIVE;
				GCC_WARN_UNUSED_FUNCTION = YES;
				GCC_WARN_UNUSED_VARIABLE = YES;
				IPHONEOS_DEPLOYMENT_TARGET = 7.1;
				ONLY_ACTIVE_ARCH = YES;
				SDKROOT = iphoneos;
			};
			name = Debug;
		};
		13673ABF1971F1EE00A94535 /* Release */ = {
			isa = XCBuildConfiguration;
			buildSettings = {
				ALWAYS_SEARCH_USER_PATHS = NO;
				CLANG_CXX_LANGUAGE_STANDARD = "gnu++0x";
				CLANG_CXX_LIBRARY = "libc++";
				CLANG_ENABLE_MODULES = YES;
				CLANG_ENABLE_OBJC_ARC = YES;
				CLANG_WARN_BOOL_CONVERSION = YES;
				CLANG_WARN_CONSTANT_CONVERSION = YES;
				CLANG_WARN_DIRECT_OBJC_ISA_USAGE = YES_ERROR;
				CLANG_WARN_EMPTY_BODY = YES;
				CLANG_WARN_ENUM_CONVERSION = YES;
				CLANG_WARN_INT_CONVERSION = YES;
				CLANG_WARN_OBJC_ROOT_CLASS = YES_ERROR;
				CLANG_WARN__DUPLICATE_METHOD_MATCH = YES;
				"CODE_SIGN_IDENTITY[sdk=iphoneos*]" = "iPhone Developer";
				COPY_PHASE_STRIP = YES;
				ENABLE_NS_ASSERTIONS = NO;
				GCC_C_LANGUAGE_STANDARD = gnu99;
				GCC_WARN_64_TO_32_BIT_CONVERSION = YES;
				GCC_WARN_ABOUT_RETURN_TYPE = YES_ERROR;
				GCC_WARN_UNDECLARED_SELECTOR = YES;
				GCC_WARN_UNINITIALIZED_AUTOS = YES_AGGRESSIVE;
				GCC_WARN_UNUSED_FUNCTION = YES;
				GCC_WARN_UNUSED_VARIABLE = YES;
				IPHONEOS_DEPLOYMENT_TARGET = 7.1;
				SDKROOT = iphoneos;
				VALIDATE_PRODUCT = YES;
			};
			name = Release;
		};
		13673AC11971F1EE00A94535 /* Debug */ = {
			isa = XCBuildConfiguration;
			buildSettings = {
				ASSETCATALOG_COMPILER_APPICON_NAME = AppIcon;
				ASSETCATALOG_COMPILER_LAUNCHIMAGE_NAME = LaunchImage;
				GCC_PRECOMPILE_PREFIX_HEADER = YES;
				GCC_PREFIX_HEADER = "pageViewControllerDeom/pageViewControllerDeom-Prefix.pch";
				INFOPLIST_FILE = "pageViewControllerDeom/pageViewControllerDeom-Info.plist";
				PRODUCT_NAME = "$(TARGET_NAME)";
				WRAPPER_EXTENSION = app;
			};
			name = Debug;
		};
		13673AC21971F1EE00A94535 /* Release */ = {
			isa = XCBuildConfiguration;
			buildSettings = {
				ASSETCATALOG_COMPILER_APPICON_NAME = AppIcon;
				ASSETCATALOG_COMPILER_LAUNCHIMAGE_NAME = LaunchImage;
				GCC_PRECOMPILE_PREFIX_HEADER = YES;
				GCC_PREFIX_HEADER = "pageViewControllerDeom/pageViewControllerDeom-Prefix.pch";
				INFOPLIST_FILE = "pageViewControllerDeom/pageViewControllerDeom-Info.plist";
				PRODUCT_NAME = "$(TARGET_NAME)";
				WRAPPER_EXTENSION = app;
			};
			name = Release;
		};
		13673AC41971F1EE00A94535 /* Debug */ = {
			isa = XCBuildConfiguration;
			buildSettings = {
				BUNDLE_LOADER = "$(BUILT_PRODUCTS_DIR)/pageViewControllerDeom.app/pageViewControllerDeom";
				FRAMEWORK_SEARCH_PATHS = (
					"$(SDKROOT)/Developer/Library/Frameworks",
					"$(inherited)",
					"$(DEVELOPER_FRAMEWORKS_DIR)",
				);
				GCC_PRECOMPILE_PREFIX_HEADER = YES;
				GCC_PREFIX_HEADER = "pageViewControllerDeom/pageViewControllerDeom-Prefix.pch";
				GCC_PREPROCESSOR_DEFINITIONS = (
					"DEBUG=1",
					"$(inherited)",
				);
				INFOPLIST_FILE = "pageViewControllerDeomTests/pageViewControllerDeomTests-Info.plist";
				PRODUCT_NAME = "$(TARGET_NAME)";
				TEST_HOST = "$(BUNDLE_LOADER)";
				WRAPPER_EXTENSION = xctest;
			};
			name = Debug;
		};
		13673AC51971F1EE00A94535 /* Release */ = {
			isa = XCBuildConfiguration;
			buildSettings = {
				BUNDLE_LOADER = "$(BUILT_PRODUCTS_DIR)/pageViewControllerDeom.app/pageViewControllerDeom";
				FRAMEWORK_SEARCH_PATHS = (
					"$(SDKROOT)/Developer/Library/Frameworks",
					"$(inherited)",
					"$(DEVELOPER_FRAMEWORKS_DIR)",
				);
				GCC_PRECOMPILE_PREFIX_HEADER = YES;
				GCC_PREFIX_HEADER = "pageViewControllerDeom/pageViewControllerDeom-Prefix.pch";
				INFOPLIST_FILE = "pageViewControllerDeomTests/pageViewControllerDeomTests-Info.plist";
				PRODUCT_NAME = "$(TARGET_NAME)";
				TEST_HOST = "$(BUNDLE_LOADER)";
				WRAPPER_EXTENSION = xctest;
			};
			name = Release;
		};
/* End XCBuildConfiguration section */

/* Begin XCConfigurationList section */
		13673A8F1971F1EE00A94535 /* Build configuration list for PBXProject "pageViewControllerDeom" */ = {
			isa = XCConfigurationList;
			buildConfigurations = (
				13673ABE1971F1EE00A94535 /* Debug */,
				13673ABF1971F1EE00A94535 /* Release */,
			);
			defaultConfigurationIsVisible = 0;
			defaultConfigurationName = Release;
		};
		13673AC01971F1EE00A94535 /* Build configuration list for PBXNativeTarget "pageViewControllerDeom" */ = {
			isa = XCConfigurationList;
			buildConfigurations = (
				13673AC11971F1EE00A94535 /* Debug */,
				13673AC21971F1EE00A94535 /* Release */,
			);
			defaultConfigurationIsVisible = 0;
		};
		13673AC31971F1EE00A94535 /* Build configuration list for PBXNativeTarget "pageViewControllerDeomTests" */ = {
			isa = XCConfigurationList;
			buildConfigurations = (
				13673AC41971F1EE00A94535 /* Debug */,
				13673AC51971F1EE00A94535 /* Release */,
			);
			defaultConfigurationIsVisible = 0;
		};
/* End XCConfigurationList section */
	};
	rootObject = 13673A8C1971F1EE00A94535 /* Project object */;
}
